PODS:
  - Alamofire (4.4.0)
  - Kingfisher (5.6.0)
  - PullToRefresher (3.1)
  - RxSwift (4.5.0)
  - SnapKit (4.0.1)
  - SwiftyJSON (3.1.4)

DEPENDENCIES:
  - Alamofire (~> 4.4.0)
  - Kingfisher (~> 5.6.0)
  - PullToRefresher (~> 3.1)
  - RxSwift (~> 4.5.0)
  - SnapKit (~> 4.0.1)
  - SwiftyJSON (~> 3.1.4)

SPEC REPOS:
  https://github.com/cocoapods/specs.git:
    - Alamofire
    - Kingfisher
    - PullToRefresher
    - RxSwift
    - SnapKit
    - SwiftyJSON

SPEC CHECKSUMS:
  Alamofire: dc44b1600b800eb63da6a19039a0083d62a6a62d
  Kingfisher: 1a50df6880a60bae26f3e21a0df3d17b892f5e0b
  PullToRefresher: ec8c1942bd61bb512ff520c49f9f00903cfa86c7
  RxSwift: f172070dfd1a93d70a9ab97a5a01166206e1c575
  SnapKit: 0de968a9fec17499afa29683b05d0c775b6d1c29
  SwiftyJSON: c2842d878f95482ffceec5709abc3d05680c0220

PODFILE CHECKSUM: 788cbfc5774716a1b1279416e1d781ad9d7f11f8

COCOAPODS: 1.7.4
