// !$*UTF8*$!
{
	archiveVersion = 1;
	classes = {
	};
	objectVersion = 48;
	objects = {

/* Begin PBXBuildFile section */
		057F1DA324346A9600FCF759 /* MeViewModel.swift in Sources */ = {isa = PBXBuildFile; fileRef = 057F1DA224346A9600FCF759 /* MeViewModel.swift */; };
		057F1DA524347B7000FCF759 /* UITextFieldExtension.swift in Sources */ = {isa = PBXBuildFile; fileRef = 057F1DA424347B7000FCF759 /* UITextFieldExtension.swift */; };
		057F1DA924347F5D00FCF759 /* UITextViewExtension.swift in Sources */ = {isa = PBXBuildFile; fileRef = 057F1DA824347F5D00FCF759 /* UITextViewExtension.swift */; };
		057F1DAB24349DA300FCF759 /* UIImageViewExtension.swift in Sources */ = {isa = PBXBuildFile; fileRef = 057F1DAA24349DA300FCF759 /* UIImageViewExtension.swift */; };
		05859C452433342700E63DAD /* UIFontExtension.swift in Sources */ = {isa = PBXBuildFile; fileRef = 05859C442433342700E63DAD /* UIFontExtension.swift */; };
		05859C472433357900E63DAD /* UIButtonExtension.swift in Sources */ = {isa = PBXBuildFile; fileRef = 05859C462433357900E63DAD /* UIButtonExtension.swift */; };
		05859C4924333EA000E63DAD /* StringExtension.swift in Sources */ = {isa = PBXBuildFile; fileRef = 05859C4824333EA000E63DAD /* StringExtension.swift */; };
		05859C4B2433523000E63DAD /* NSObjectExtension.swift in Sources */ = {isa = PBXBuildFile; fileRef = 05859C4A2433523000E63DAD /* NSObjectExtension.swift */; };
		E60D332F2265BED900B3712F /* TestVC.swift in Sources */ = {isa = PBXBuildFile; fileRef = E60D332E2265BED900B3712F /* TestVC.swift */; };
		E60D33322265BEF600B3712F /* TestView.swift in Sources */ = {isa = PBXBuildFile; fileRef = E60D33312265BEF600B3712F /* TestView.swift */; };
		E61F4E70206260A300446B0C /* BaseNavVC.swift in Sources */ = {isa = PBXBuildFile; fileRef = E61F4E6F206260A300446B0C /* BaseNavVC.swift */; };
		E61F4E7E20638A7F00446B0C /* LoginVC.swift in Sources */ = {isa = PBXBuildFile; fileRef = E61F4E7D20638A7F00446B0C /* LoginVC.swift */; };
		E61F4E8020638AC300446B0C /* MyTool.swift in Sources */ = {isa = PBXBuildFile; fileRef = E61F4E7F20638AC300446B0C /* MyTool.swift */; };
		E61F4E822063A00D00446B0C /* Note in Resources */ = {isa = PBXBuildFile; fileRef = E61F4E812063A00D00446B0C /* Note */; };
		E64542F5205F9B0A0025FB40 /* AppDelegate.swift in Sources */ = {isa = PBXBuildFile; fileRef = E64542F4205F9B0A0025FB40 /* AppDelegate.swift */; };
		E64542FC205F9B0A0025FB40 /* Assets.xcassets in Resources */ = {isa = PBXBuildFile; fileRef = E64542FB205F9B0A0025FB40 /* Assets.xcassets */; };
		E645430720623A080025FB40 /* BaseTabbarVC.swift in Sources */ = {isa = PBXBuildFile; fileRef = E645430620623A080025FB40 /* BaseTabbarVC.swift */; };
		E645430920623A2A0025FB40 /* HomeVC.swift in Sources */ = {isa = PBXBuildFile; fileRef = E645430820623A2A0025FB40 /* HomeVC.swift */; };
		E645430B20623D0F0025FB40 /* MeVC.swift in Sources */ = {isa = PBXBuildFile; fileRef = E645430A20623D0F0025FB40 /* MeVC.swift */; };
		E645430D20623E5E0025FB40 /* BaseVC.swift in Sources */ = {isa = PBXBuildFile; fileRef = E645430C20623E5E0025FB40 /* BaseVC.swift */; };
		E64CDE22207CA94B00FE2237 /* Interface.swift in Sources */ = {isa = PBXBuildFile; fileRef = E64CDE21207CA94B00FE2237 /* Interface.swift */; };
		E6573D28242133D1001546F0 /* TestOCTool.m in Sources */ = {isa = PBXBuildFile; fileRef = E6573D27242133D1001546F0 /* TestOCTool.m */; };
		E681305C206BA59A007986BE /* BannerVC.swift in Sources */ = {isa = PBXBuildFile; fileRef = E681305B206BA59A007986BE /* BannerVC.swift */; };
		E681305E206BA661007986BE /* SegmentVC.swift in Sources */ = {isa = PBXBuildFile; fileRef = E681305D206BA661007986BE /* SegmentVC.swift */; };
		E69D1246206E4D6E001A7F36 /* BannerNormalCell.swift in Sources */ = {isa = PBXBuildFile; fileRef = E69D1245206E4D6E001A7F36 /* BannerNormalCell.swift */; };
		E69D1248206E4D90001A7F36 /* BannerNormalView.swift in Sources */ = {isa = PBXBuildFile; fileRef = E69D1247206E4D90001A7F36 /* BannerNormalView.swift */; };
		E69D124A206E4E69001A7F36 /* BannerFocusCell.swift in Sources */ = {isa = PBXBuildFile; fileRef = E69D1249206E4E69001A7F36 /* BannerFocusCell.swift */; };
		E69D124C206E4E79001A7F36 /* BannerFocusView.swift in Sources */ = {isa = PBXBuildFile; fileRef = E69D124B206E4E79001A7F36 /* BannerFocusView.swift */; };
		E69D124E206E4ED0001A7F36 /* LoadingView.swift in Sources */ = {isa = PBXBuildFile; fileRef = E69D124D206E4ED0001A7F36 /* LoadingView.swift */; };
		E6B36AD722DF3153001DC458 /* XDNetwork.swift in Sources */ = {isa = PBXBuildFile; fileRef = E6B36AD622DF3153001DC458 /* XDNetwork.swift */; };
		E6B36AD922E05426001DC458 /* XDInterface.swift in Sources */ = {isa = PBXBuildFile; fileRef = E6B36AD822E05426001DC458 /* XDInterface.swift */; };
		E6B36ADC22E4C648001DC458 /* UIViewOrdinate.swift in Sources */ = {isa = PBXBuildFile; fileRef = E6B36ADB22E4C648001DC458 /* UIViewOrdinate.swift */; };
		E6B36ADE22ED6D77001DC458 /* TestJsonData.plist in Resources */ = {isa = PBXBuildFile; fileRef = E6B36ADD22ED6D77001DC458 /* TestJsonData.plist */; };
		E6B36AE122ED6FC4001DC458 /* TestNetWorkTool.swift in Sources */ = {isa = PBXBuildFile; fileRef = E6B36AE022ED6FC4001DC458 /* TestNetWorkTool.swift */; };
		E6B36AE322ED6FD4001DC458 /* TestJsonModelTool.swift in Sources */ = {isa = PBXBuildFile; fileRef = E6B36AE222ED6FD4001DC458 /* TestJsonModelTool.swift */; };
		E6D4170F2080AED400303490 /* MeHeaderView.swift in Sources */ = {isa = PBXBuildFile; fileRef = E6D4170E2080AED400303490 /* MeHeaderView.swift */; };
		F97AA96D9C5F90B6A870E2CB /* Pods_SwiftLearning.framework in Frameworks */ = {isa = PBXBuildFile; fileRef = E739BBD5C66769986F966B9C /* Pods_SwiftLearning.framework */; };
/* End PBXBuildFile section */

/* Begin PBXFileReference section */
		057F1DA224346A9600FCF759 /* MeViewModel.swift */ = {isa = PBXFileReference; lastKnownFileType = sourcecode.swift; path = MeViewModel.swift; sourceTree = "<group>"; };
		057F1DA424347B7000FCF759 /* UITextFieldExtension.swift */ = {isa = PBXFileReference; lastKnownFileType = sourcecode.swift; path = UITextFieldExtension.swift; sourceTree = "<group>"; };
		057F1DA824347F5D00FCF759 /* UITextViewExtension.swift */ = {isa = PBXFileReference; lastKnownFileType = sourcecode.swift; path = UITextViewExtension.swift; sourceTree = "<group>"; };
		057F1DAA24349DA300FCF759 /* UIImageViewExtension.swift */ = {isa = PBXFileReference; lastKnownFileType = sourcecode.swift; path = UIImageViewExtension.swift; sourceTree = "<group>"; };
		05859C442433342700E63DAD /* UIFontExtension.swift */ = {isa = PBXFileReference; fileEncoding = 4; lastKnownFileType = sourcecode.swift; path = UIFontExtension.swift; sourceTree = "<group>"; };
		05859C462433357900E63DAD /* UIButtonExtension.swift */ = {isa = PBXFileReference; lastKnownFileType = sourcecode.swift; path = UIButtonExtension.swift; sourceTree = "<group>"; };
		05859C4824333EA000E63DAD /* StringExtension.swift */ = {isa = PBXFileReference; lastKnownFileType = sourcecode.swift; path = StringExtension.swift; sourceTree = "<group>"; };
		05859C4A2433523000E63DAD /* NSObjectExtension.swift */ = {isa = PBXFileReference; lastKnownFileType = sourcecode.swift; path = NSObjectExtension.swift; sourceTree = "<group>"; };
		3DF7536F16B34DEC537ED700 /* Pods-SwiftLearning.debug.xcconfig */ = {isa = PBXFileReference; includeInIndex = 1; lastKnownFileType = text.xcconfig; name = "Pods-SwiftLearning.debug.xcconfig"; path = "Pods/Target Support Files/Pods-SwiftLearning/Pods-SwiftLearning.debug.xcconfig"; sourceTree = "<group>"; };
		969C6AE1D2DC761BB401715D /* Pods-SwiftLearning.release.xcconfig */ = {isa = PBXFileReference; includeInIndex = 1; lastKnownFileType = text.xcconfig; name = "Pods-SwiftLearning.release.xcconfig"; path = "Pods/Target Support Files/Pods-SwiftLearning/Pods-SwiftLearning.release.xcconfig"; sourceTree = "<group>"; };
		E60D332E2265BED900B3712F /* TestVC.swift */ = {isa = PBXFileReference; lastKnownFileType = sourcecode.swift; path = TestVC.swift; sourceTree = "<group>"; };
		E60D33312265BEF600B3712F /* TestView.swift */ = {isa = PBXFileReference; lastKnownFileType = sourcecode.swift; path = TestView.swift; sourceTree = "<group>"; };
		E61F4E6F206260A300446B0C /* BaseNavVC.swift */ = {isa = PBXFileReference; lastKnownFileType = sourcecode.swift; path = BaseNavVC.swift; sourceTree = "<group>"; };
		E61F4E7D20638A7F00446B0C /* LoginVC.swift */ = {isa = PBXFileReference; lastKnownFileType = sourcecode.swift; path = LoginVC.swift; sourceTree = "<group>"; };
		E61F4E7F20638AC300446B0C /* MyTool.swift */ = {isa = PBXFileReference; lastKnownFileType = sourcecode.swift; path = MyTool.swift; sourceTree = "<group>"; };
		E61F4E812063A00D00446B0C /* Note */ = {isa = PBXFileReference; lastKnownFileType = text; path = Note; sourceTree = "<group>"; };
		E64542F1205F9B090025FB40 /* SwiftLearning.app */ = {isa = PBXFileReference; explicitFileType = wrapper.application; includeInIndex = 0; path = SwiftLearning.app; sourceTree = BUILT_PRODUCTS_DIR; };
		E64542F4205F9B0A0025FB40 /* AppDelegate.swift */ = {isa = PBXFileReference; lastKnownFileType = sourcecode.swift; path = AppDelegate.swift; sourceTree = "<group>"; };
		E64542FB205F9B0A0025FB40 /* Assets.xcassets */ = {isa = PBXFileReference; lastKnownFileType = folder.assetcatalog; path = Assets.xcassets; sourceTree = "<group>"; };
		E6454300205F9B0A0025FB40 /* Info.plist */ = {isa = PBXFileReference; lastKnownFileType = text.plist.xml; path = Info.plist; sourceTree = "<group>"; };
		E645430620623A080025FB40 /* BaseTabbarVC.swift */ = {isa = PBXFileReference; lastKnownFileType = sourcecode.swift; path = BaseTabbarVC.swift; sourceTree = "<group>"; };
		E645430820623A2A0025FB40 /* HomeVC.swift */ = {isa = PBXFileReference; lastKnownFileType = sourcecode.swift; path = HomeVC.swift; sourceTree = "<group>"; };
		E645430A20623D0F0025FB40 /* MeVC.swift */ = {isa = PBXFileReference; lastKnownFileType = sourcecode.swift; path = MeVC.swift; sourceTree = "<group>"; };
		E645430C20623E5E0025FB40 /* BaseVC.swift */ = {isa = PBXFileReference; lastKnownFileType = sourcecode.swift; path = BaseVC.swift; sourceTree = "<group>"; };
		E64CDE21207CA94B00FE2237 /* Interface.swift */ = {isa = PBXFileReference; lastKnownFileType = sourcecode.swift; path = Interface.swift; sourceTree = "<group>"; };
		E6573D25242133D0001546F0 /* SwiftLearning-Bridging-Header.h */ = {isa = PBXFileReference; lastKnownFileType = sourcecode.c.h; path = "SwiftLearning-Bridging-Header.h"; sourceTree = "<group>"; };
		E6573D26242133D1001546F0 /* TestOCTool.h */ = {isa = PBXFileReference; lastKnownFileType = sourcecode.c.h; path = TestOCTool.h; sourceTree = "<group>"; };
		E6573D27242133D1001546F0 /* TestOCTool.m */ = {isa = PBXFileReference; lastKnownFileType = sourcecode.c.objc; path = TestOCTool.m; sourceTree = "<group>"; };
		E681305B206BA59A007986BE /* BannerVC.swift */ = {isa = PBXFileReference; lastKnownFileType = sourcecode.swift; path = BannerVC.swift; sourceTree = "<group>"; };
		E681305D206BA661007986BE /* SegmentVC.swift */ = {isa = PBXFileReference; lastKnownFileType = sourcecode.swift; path = SegmentVC.swift; sourceTree = "<group>"; };
		E69D1245206E4D6E001A7F36 /* BannerNormalCell.swift */ = {isa = PBXFileReference; lastKnownFileType = sourcecode.swift; path = BannerNormalCell.swift; sourceTree = "<group>"; };
		E69D1247206E4D90001A7F36 /* BannerNormalView.swift */ = {isa = PBXFileReference; lastKnownFileType = sourcecode.swift; path = BannerNormalView.swift; sourceTree = "<group>"; };
		E69D1249206E4E69001A7F36 /* BannerFocusCell.swift */ = {isa = PBXFileReference; lastKnownFileType = sourcecode.swift; path = BannerFocusCell.swift; sourceTree = "<group>"; };
		E69D124B206E4E79001A7F36 /* BannerFocusView.swift */ = {isa = PBXFileReference; lastKnownFileType = sourcecode.swift; path = BannerFocusView.swift; sourceTree = "<group>"; };
		E69D124D206E4ED0001A7F36 /* LoadingView.swift */ = {isa = PBXFileReference; lastKnownFileType = sourcecode.swift; path = LoadingView.swift; sourceTree = "<group>"; };
		E6B36AD622DF3153001DC458 /* XDNetwork.swift */ = {isa = PBXFileReference; lastKnownFileType = sourcecode.swift; path = XDNetwork.swift; sourceTree = "<group>"; };
		E6B36AD822E05426001DC458 /* XDInterface.swift */ = {isa = PBXFileReference; lastKnownFileType = sourcecode.swift; path = XDInterface.swift; sourceTree = "<group>"; };
		E6B36ADB22E4C648001DC458 /* UIViewOrdinate.swift */ = {isa = PBXFileReference; lastKnownFileType = sourcecode.swift; path = UIViewOrdinate.swift; sourceTree = "<group>"; };
		E6B36ADD22ED6D77001DC458 /* TestJsonData.plist */ = {isa = PBXFileReference; lastKnownFileType = text.plist.xml; path = TestJsonData.plist; sourceTree = "<group>"; };
		E6B36AE022ED6FC4001DC458 /* TestNetWorkTool.swift */ = {isa = PBXFileReference; lastKnownFileType = sourcecode.swift; path = TestNetWorkTool.swift; sourceTree = "<group>"; };
		E6B36AE222ED6FD4001DC458 /* TestJsonModelTool.swift */ = {isa = PBXFileReference; lastKnownFileType = sourcecode.swift; path = TestJsonModelTool.swift; sourceTree = "<group>"; };
		E6D4170E2080AED400303490 /* MeHeaderView.swift */ = {isa = PBXFileReference; lastKnownFileType = sourcecode.swift; path = MeHeaderView.swift; sourceTree = "<group>"; };
		E739BBD5C66769986F966B9C /* Pods_SwiftLearning.framework */ = {isa = PBXFileReference; explicitFileType = wrapper.framework; includeInIndex = 0; path = Pods_SwiftLearning.framework; sourceTree = BUILT_PRODUCTS_DIR; };
/* End PBXFileReference section */

/* Begin PBXFrameworksBuildPhase section */
		E64542EE205F9B090025FB40 /* Frameworks */ = {
			isa = PBXFrameworksBuildPhase;
			buildActionMask = 2147483647;
			files = (
				F97AA96D9C5F90B6A870E2CB /* Pods_SwiftLearning.framework in Frameworks */,
			);
			runOnlyForDeploymentPostprocessing = 0;
		};
/* End PBXFrameworksBuildPhase section */

/* Begin PBXGroup section */
		057F1DA124346A8700FCF759 /* ViewModel */ = {
			isa = PBXGroup;
			children = (
				057F1DA224346A9600FCF759 /* MeViewModel.swift */,
			);
			path = ViewModel;
			sourceTree = "<group>";
		};
		7DDCFD3DBE33A93534C9D285 /* Frameworks */ = {
			isa = PBXGroup;
			children = (
				E739BBD5C66769986F966B9C /* Pods_SwiftLearning.framework */,
			);
			name = Frameworks;
			sourceTree = "<group>";
		};
		E4D7F45029F1494C2D392294 /* Pods */ = {
			isa = PBXGroup;
			children = (
				3DF7536F16B34DEC537ED700 /* Pods-SwiftLearning.debug.xcconfig */,
				969C6AE1D2DC761BB401715D /* Pods-SwiftLearning.release.xcconfig */,
			);
			name = Pods;
			sourceTree = "<group>";
		};
		E60D332C2265BE8100B3712F /* Test */ = {
			isa = PBXGroup;
			children = (
				E6B36ADF22ED6FA0001DC458 /* Tool */,
				E60D33302265BEDD00B3712F /* View */,
				E60D332D2265BE9B00B3712F /* Controller */,
			);
			path = Test;
			sourceTree = "<group>";
		};
		E60D332D2265BE9B00B3712F /* Controller */ = {
			isa = PBXGroup;
			children = (
				E60D332E2265BED900B3712F /* TestVC.swift */,
			);
			path = Controller;
			sourceTree = "<group>";
		};
		E60D33302265BEDD00B3712F /* View */ = {
			isa = PBXGroup;
			children = (
				E60D33312265BEF600B3712F /* TestView.swift */,
			);
			path = View;
			sourceTree = "<group>";
		};
		E61F4E712063847D00446B0C /* Class */ = {
			isa = PBXGroup;
			children = (
				E60D332C2265BE8100B3712F /* Test */,
				E61F4E75206384F400446B0C /* Base */,
				E61F4E74206384E700446B0C /* Main */,
				E61F4E722063848C00446B0C /* Home */,
				E61F4E732063849300446B0C /* Me */,
				E61F4E7C206389EE00446B0C /* Login */,
			);
			path = Class;
			sourceTree = "<group>";
		};
		E61F4E722063848C00446B0C /* Home */ = {
			isa = PBXGroup;
			children = (
				E681305F206BA679007986BE /* Controller */,
				E6813060206BA69A007986BE /* Model */,
				E6813061206BA69F007986BE /* View */,
			);
			path = Home;
			sourceTree = "<group>";
		};
		E61F4E732063849300446B0C /* Me */ = {
			isa = PBXGroup;
			children = (
				057F1DA124346A8700FCF759 /* ViewModel */,
				E6813064206BA6E2007986BE /* Controller */,
				E6813063206BA6DC007986BE /* Model */,
				E6813062206BA6D6007986BE /* View */,
			);
			path = Me;
			sourceTree = "<group>";
		};
		E61F4E74206384E700446B0C /* Main */ = {
			isa = PBXGroup;
			children = (
				E64542F4205F9B0A0025FB40 /* AppDelegate.swift */,
			);
			path = Main;
			sourceTree = "<group>";
		};
		E61F4E75206384F400446B0C /* Base */ = {
			isa = PBXGroup;
			children = (
				E645430C20623E5E0025FB40 /* BaseVC.swift */,
				E61F4E6F206260A300446B0C /* BaseNavVC.swift */,
				E645430620623A080025FB40 /* BaseTabbarVC.swift */,
			);
			path = Base;
			sourceTree = "<group>";
		};
		E61F4E762063855600446B0C /* Resource */ = {
			isa = PBXGroup;
			children = (
				E64542FB205F9B0A0025FB40 /* Assets.xcassets */,
				E6B36ADD22ED6D77001DC458 /* TestJsonData.plist */,
			);
			path = Resource;
			sourceTree = "<group>";
		};
		E61F4E772063857B00446B0C /* Expand */ = {
			isa = PBXGroup;
			children = (
				E6B36AD522DF3110001DC458 /* Network */,
				E61F4E7B2063862700446B0C /* Tool */,
				E681305A20689CBD007986BE /* Category */,
			);
			path = Expand;
			sourceTree = "<group>";
		};
		E61F4E79206385E900446B0C /* Config */ = {
			isa = PBXGroup;
			children = (
				E6454300205F9B0A0025FB40 /* Info.plist */,
				E61F4E812063A00D00446B0C /* Note */,
				E6573D25242133D0001546F0 /* SwiftLearning-Bridging-Header.h */,
			);
			path = Config;
			sourceTree = "<group>";
		};
		E61F4E7B2063862700446B0C /* Tool */ = {
			isa = PBXGroup;
			children = (
				E61F4E7F20638AC300446B0C /* MyTool.swift */,
				E69D124D206E4ED0001A7F36 /* LoadingView.swift */,
				E64CDE21207CA94B00FE2237 /* Interface.swift */,
			);
			path = Tool;
			sourceTree = "<group>";
		};
		E61F4E7C206389EE00446B0C /* Login */ = {
			isa = PBXGroup;
			children = (
				E6813067206BA6FB007986BE /* Controller */,
				E6813066206BA6F7007986BE /* Model */,
				E6813065206BA6F1007986BE /* View */,
			);
			path = Login;
			sourceTree = "<group>";
		};
		E64542E8205F9B090025FB40 = {
			isa = PBXGroup;
			children = (
				E64542F3205F9B090025FB40 /* SwiftLearning */,
				E64542F2205F9B090025FB40 /* Products */,
				E4D7F45029F1494C2D392294 /* Pods */,
				7DDCFD3DBE33A93534C9D285 /* Frameworks */,
			);
			sourceTree = "<group>";
		};
		E64542F2205F9B090025FB40 /* Products */ = {
			isa = PBXGroup;
			children = (
				E64542F1205F9B090025FB40 /* SwiftLearning.app */,
			);
			name = Products;
			sourceTree = "<group>";
		};
		E64542F3205F9B090025FB40 /* SwiftLearning */ = {
			isa = PBXGroup;
			children = (
				E61F4E79206385E900446B0C /* Config */,
				E61F4E712063847D00446B0C /* Class */,
				E61F4E772063857B00446B0C /* Expand */,
				E681305920689CA5007986BE /* Vender */,
				E61F4E762063855600446B0C /* Resource */,
			);
			path = SwiftLearning;
			sourceTree = "<group>";
		};
		E681305920689CA5007986BE /* Vender */ = {
			isa = PBXGroup;
			children = (
			);
			path = Vender;
			sourceTree = "<group>";
		};
		E681305A20689CBD007986BE /* Category */ = {
			isa = PBXGroup;
			children = (
				05859C442433342700E63DAD /* UIFontExtension.swift */,
				E6B36ADB22E4C648001DC458 /* UIViewOrdinate.swift */,
				05859C462433357900E63DAD /* UIButtonExtension.swift */,
				05859C4824333EA000E63DAD /* StringExtension.swift */,
				05859C4A2433523000E63DAD /* NSObjectExtension.swift */,
				057F1DA424347B7000FCF759 /* UITextFieldExtension.swift */,
				057F1DA824347F5D00FCF759 /* UITextViewExtension.swift */,
				057F1DAA24349DA300FCF759 /* UIImageViewExtension.swift */,
			);
			path = Category;
			sourceTree = "<group>";
		};
		E681305F206BA679007986BE /* Controller */ = {
			isa = PBXGroup;
			children = (
				E645430820623A2A0025FB40 /* HomeVC.swift */,
				E681305B206BA59A007986BE /* BannerVC.swift */,
				E681305D206BA661007986BE /* SegmentVC.swift */,
			);
			path = Controller;
			sourceTree = "<group>";
		};
		E6813060206BA69A007986BE /* Model */ = {
			isa = PBXGroup;
			children = (
			);
			path = Model;
			sourceTree = "<group>";
		};
		E6813061206BA69F007986BE /* View */ = {
			isa = PBXGroup;
			children = (
				E69D1245206E4D6E001A7F36 /* BannerNormalCell.swift */,
				E69D1247206E4D90001A7F36 /* BannerNormalView.swift */,
				E69D1249206E4E69001A7F36 /* BannerFocusCell.swift */,
				E69D124B206E4E79001A7F36 /* BannerFocusView.swift */,
			);
			path = View;
			sourceTree = "<group>";
		};
		E6813062206BA6D6007986BE /* View */ = {
			isa = PBXGroup;
			children = (
				E6D4170E2080AED400303490 /* MeHeaderView.swift */,
			);
			path = View;
			sourceTree = "<group>";
		};
		E6813063206BA6DC007986BE /* Model */ = {
			isa = PBXGroup;
			children = (
			);
			path = Model;
			sourceTree = "<group>";
		};
		E6813064206BA6E2007986BE /* Controller */ = {
			isa = PBXGroup;
			children = (
				E645430A20623D0F0025FB40 /* MeVC.swift */,
			);
			path = Controller;
			sourceTree = "<group>";
		};
		E6813065206BA6F1007986BE /* View */ = {
			isa = PBXGroup;
			children = (
			);
			path = View;
			sourceTree = "<group>";
		};
		E6813066206BA6F7007986BE /* Model */ = {
			isa = PBXGroup;
			children = (
			);
			path = Model;
			sourceTree = "<group>";
		};
		E6813067206BA6FB007986BE /* Controller */ = {
			isa = PBXGroup;
			children = (
				E61F4E7D20638A7F00446B0C /* LoginVC.swift */,
			);
			path = Controller;
			sourceTree = "<group>";
		};
		E6B36AD522DF3110001DC458 /* Network */ = {
			isa = PBXGroup;
			children = (
				E6B36AD622DF3153001DC458 /* XDNetwork.swift */,
				E6B36AD822E05426001DC458 /* XDInterface.swift */,
			);
			path = Network;
			sourceTree = "<group>";
		};
		E6B36ADF22ED6FA0001DC458 /* Tool */ = {
			isa = PBXGroup;
			children = (
				E6B36AE022ED6FC4001DC458 /* TestNetWorkTool.swift */,
				E6B36AE222ED6FD4001DC458 /* TestJsonModelTool.swift */,
				E6573D26242133D1001546F0 /* TestOCTool.h */,
				E6573D27242133D1001546F0 /* TestOCTool.m */,
			);
			path = Tool;
			sourceTree = "<group>";
		};
/* End PBXGroup section */

/* Begin PBXNativeTarget section */
		E64542F0205F9B090025FB40 /* SwiftLearning */ = {
			isa = PBXNativeTarget;
			buildConfigurationList = E6454303205F9B0A0025FB40 /* Build configuration list for PBXNativeTarget "SwiftLearning" */;
			buildPhases = (
				B3A0916E5B8A06DCF84BEB16 /* [CP] Check Pods Manifest.lock */,
				E64542ED205F9B090025FB40 /* Sources */,
				E64542EE205F9B090025FB40 /* Frameworks */,
				E64542EF205F9B090025FB40 /* Resources */,
				78C1DBBC77F293ABBBF46084 /* [CP] Embed Pods Frameworks */,
			);
			buildRules = (
			);
			dependencies = (
			);
			name = SwiftLearning;
			productName = SwiftLearning;
			productReference = E64542F1205F9B090025FB40 /* SwiftLearning.app */;
			productType = "com.apple.product-type.application";
		};
/* End PBXNativeTarget section */

/* Begin PBXProject section */
		E64542E9205F9B090025FB40 /* Project object */ = {
			isa = PBXProject;
			attributes = {
				LastSwiftUpdateCheck = 0900;
				LastUpgradeCheck = 1000;
				ORGANIZATIONNAME = "蔡晓东";
				TargetAttributes = {
					E64542F0205F9B090025FB40 = {
						CreatedOnToolsVersion = 9.0;
						LastSwiftMigration = 1110;
						ProvisioningStyle = Automatic;
					};
				};
			};
			buildConfigurationList = E64542EC205F9B090025FB40 /* Build configuration list for PBXProject "SwiftLearning" */;
			compatibilityVersion = "Xcode 8.0";
			developmentRegion = en;
			hasScannedForEncodings = 0;
			knownRegions = (
				en,
				Base,
			);
			mainGroup = E64542E8205F9B090025FB40;
			productRefGroup = E64542F2205F9B090025FB40 /* Products */;
			projectDirPath = "";
			projectRoot = "";
			targets = (
				E64542F0205F9B090025FB40 /* SwiftLearning */,
			);
		};
/* End PBXProject section */

/* Begin PBXResourcesBuildPhase section */
		E64542EF205F9B090025FB40 /* Resources */ = {
			isa = PBXResourcesBuildPhase;
			buildActionMask = 2147483647;
			files = (
				E6B36ADE22ED6D77001DC458 /* TestJsonData.plist in Resources */,
				E61F4E822063A00D00446B0C /* Note in Resources */,
				E64542FC205F9B0A0025FB40 /* Assets.xcassets in Resources */,
			);
			runOnlyForDeploymentPostprocessing = 0;
		};
/* End PBXResourcesBuildPhase section */

/* Begin PBXShellScriptBuildPhase section */
		78C1DBBC77F293ABBBF46084 /* [CP] Embed Pods Frameworks */ = {
			isa = PBXShellScriptBuildPhase;
			buildActionMask = 2147483647;
			files = (
			);
			inputPaths = (
				"${PODS_ROOT}/Target Support Files/Pods-SwiftLearning/Pods-SwiftLearning-frameworks.sh",
				"${BUILT_PRODUCTS_DIR}/Alamofire/Alamofire.framework",
				"${BUILT_PRODUCTS_DIR}/DGElasticPullToRefresh/DGElasticPullToRefresh.framework",
				"${BUILT_PRODUCTS_DIR}/HandyJSON/HandyJSON.framework",
				"${BUILT_PRODUCTS_DIR}/Kingfisher/Kingfisher.framework",
				"${BUILT_PRODUCTS_DIR}/Moya/Moya.framework",
				"${BUILT_PRODUCTS_DIR}/ObjectMapper/ObjectMapper.framework",
				"${BUILT_PRODUCTS_DIR}/PullToRefresher/PullToRefresh.framework",
				"${BUILT_PRODUCTS_DIR}/Realm/Realm.framework",
				"${BUILT_PRODUCTS_DIR}/RealmSwift/RealmSwift.framework",
				"${BUILT_PRODUCTS_DIR}/Result/Result.framework",
				"${BUILT_PRODUCTS_DIR}/RxSwift/RxSwift.framework",
				"${BUILT_PRODUCTS_DIR}/SQLite.swift/SQLite.framework",
				"${BUILT_PRODUCTS_DIR}/SnapKit/SnapKit.framework",
				"${BUILT_PRODUCTS_DIR}/SwiftyJSON/SwiftyJSON.framework",
			);
			name = "[CP] Embed Pods Frameworks";
			outputPaths = (
				"${TARGET_BUILD_DIR}/${FRAMEWORKS_FOLDER_PATH}/Alamofire.framework",
				"${TARGET_BUILD_DIR}/${FRAMEWORKS_FOLDER_PATH}/DGElasticPullToRefresh.framework",
				"${TARGET_BUILD_DIR}/${FRAMEWORKS_FOLDER_PATH}/HandyJSON.framework",
				"${TARGET_BUILD_DIR}/${FRAMEWORKS_FOLDER_PATH}/Kingfisher.framework",
				"${TARGET_BUILD_DIR}/${FRAMEWORKS_FOLDER_PATH}/Moya.framework",
				"${TARGET_BUILD_DIR}/${FRAMEWORKS_FOLDER_PATH}/ObjectMapper.framework",
				"${TARGET_BUILD_DIR}/${FRAMEWORKS_FOLDER_PATH}/PullToRefresh.framework",
				"${TARGET_BUILD_DIR}/${FRAMEWORKS_FOLDER_PATH}/Realm.framework",
				"${TARGET_BUILD_DIR}/${FRAMEWORKS_FOLDER_PATH}/RealmSwift.framework",
				"${TARGET_BUILD_DIR}/${FRAMEWORKS_FOLDER_PATH}/Result.framework",
				"${TARGET_BUILD_DIR}/${FRAMEWORKS_FOLDER_PATH}/RxSwift.framework",
				"${TARGET_BUILD_DIR}/${FRAMEWORKS_FOLDER_PATH}/SQLite.framework",
				"${TARGET_BUILD_DIR}/${FRAMEWORKS_FOLDER_PATH}/SnapKit.framework",
				"${TARGET_BUILD_DIR}/${FRAMEWORKS_FOLDER_PATH}/SwiftyJSON.framework",
			);
			runOnlyForDeploymentPostprocessing = 0;
			shellPath = /bin/sh;
			shellScript = "\"${PODS_ROOT}/Target Support Files/Pods-SwiftLearning/Pods-SwiftLearning-frameworks.sh\"\n";
			showEnvVarsInLog = 0;
		};
		B3A0916E5B8A06DCF84BEB16 /* [CP] Check Pods Manifest.lock */ = {
			isa = PBXShellScriptBuildPhase;
			buildActionMask = 2147483647;
			files = (
			);
			inputPaths = (
				"${PODS_PODFILE_DIR_PATH}/Podfile.lock",
				"${PODS_ROOT}/Manifest.lock",
			);
			name = "[CP] Check Pods Manifest.lock";
			outputPaths = (
				"$(DERIVED_FILE_DIR)/Pods-SwiftLearning-checkManifestLockResult.txt",
			);
			runOnlyForDeploymentPostprocessing = 0;
			shellPath = /bin/sh;
			shellScript = "diff \"${PODS_PODFILE_DIR_PATH}/Podfile.lock\" \"${PODS_ROOT}/Manifest.lock\" > /dev/null\nif [ $? != 0 ] ; then\n    # print error to STDERR\n    echo \"error: The sandbox is not in sync with the Podfile.lock. Run 'pod install' or update your CocoaPods installation.\" >&2\n    exit 1\nfi\n# This output is used by Xcode 'outputs' to avoid re-running this script phase.\necho \"SUCCESS\" > \"${SCRIPT_OUTPUT_FILE_0}\"\n";
			showEnvVarsInLog = 0;
		};
/* End PBXShellScriptBuildPhase section */

/* Begin PBXSourcesBuildPhase section */
		E64542ED205F9B090025FB40 /* Sources */ = {
			isa = PBXSourcesBuildPhase;
			buildActionMask = 2147483647;
			files = (
				E6D4170F2080AED400303490 /* MeHeaderView.swift in Sources */,
				E645430B20623D0F0025FB40 /* MeVC.swift in Sources */,
				E69D124A206E4E69001A7F36 /* BannerFocusCell.swift in Sources */,
				E6B36AE322ED6FD4001DC458 /* TestJsonModelTool.swift in Sources */,
				E681305C206BA59A007986BE /* BannerVC.swift in Sources */,
				E6B36AD722DF3153001DC458 /* XDNetwork.swift in Sources */,
				E69D124C206E4E79001A7F36 /* BannerFocusView.swift in Sources */,
				057F1DA524347B7000FCF759 /* UITextFieldExtension.swift in Sources */,
				E645430D20623E5E0025FB40 /* BaseVC.swift in Sources */,
				05859C4924333EA000E63DAD /* StringExtension.swift in Sources */,
				E61F4E7E20638A7F00446B0C /* LoginVC.swift in Sources */,
				057F1DA324346A9600FCF759 /* MeViewModel.swift in Sources */,
				E61F4E8020638AC300446B0C /* MyTool.swift in Sources */,
				E6573D28242133D1001546F0 /* TestOCTool.m in Sources */,
				E6B36AD922E05426001DC458 /* XDInterface.swift in Sources */,
				057F1DA924347F5D00FCF759 /* UITextViewExtension.swift in Sources */,
				05859C452433342700E63DAD /* UIFontExtension.swift in Sources */,
				057F1DAB24349DA300FCF759 /* UIImageViewExtension.swift in Sources */,
				E645430920623A2A0025FB40 /* HomeVC.swift in Sources */,
				E6B36AE122ED6FC4001DC458 /* TestNetWorkTool.swift in Sources */,
				E69D124E206E4ED0001A7F36 /* LoadingView.swift in Sources */,
				E6B36ADC22E4C648001DC458 /* UIViewOrdinate.swift in Sources */,
				E61F4E70206260A300446B0C /* BaseNavVC.swift in Sources */,
				E645430720623A080025FB40 /* BaseTabbarVC.swift in Sources */,
				E64CDE22207CA94B00FE2237 /* Interface.swift in Sources */,
				E681305E206BA661007986BE /* SegmentVC.swift in Sources */,
				05859C4B2433523000E63DAD /* NSObjectExtension.swift in Sources */,
				E69D1246206E4D6E001A7F36 /* BannerNormalCell.swift in Sources */,
				E60D33322265BEF600B3712F /* TestView.swift in Sources */,
				05859C472433357900E63DAD /* UIButtonExtension.swift in Sources */,
				E64542F5205F9B0A0025FB40 /* AppDelegate.swift in Sources */,
				E60D332F2265BED900B3712F /* TestVC.swift in Sources */,
				E69D1248206E4D90001A7F36 /* BannerNormalView.swift in Sources */,
			);
			runOnlyForDeploymentPostprocessing = 0;
		};
/* End PBXSourcesBuildPhase section */

/* Begin XCBuildConfiguration section */
		E6454301205F9B0A0025FB40 /* Debug */ = {
			isa = XCBuildConfiguration;
			buildSettings = {
				ALWAYS_SEARCH_USER_PATHS = NO;
				CLANG_ANALYZER_NONNULL = YES;
				CLANG_ANALYZER_NUMBER_OBJECT_CONVERSION = YES_AGGRESSIVE;
				CLANG_CXX_LANGUAGE_STANDARD = "gnu++14";
				CLANG_CXX_LIBRARY = "libc++";
				CLANG_ENABLE_MODULES = YES;
				CLANG_ENABLE_OBJC_ARC = YES;
				CLANG_WARN_BLOCK_CAPTURE_AUTORELEASING = YES;
				CLANG_WARN_BOOL_CONVERSION = YES;
				CLANG_WARN_COMMA = YES;
				CLANG_WARN_CONSTANT_CONVERSION = YES;
				CLANG_WARN_DEPRECATED_OBJC_IMPLEMENTATIONS = YES;
				CLANG_WARN_DIRECT_OBJC_ISA_USAGE = YES_ERROR;
				CLANG_WARN_DOCUMENTATION_COMMENTS = YES;
				CLANG_WARN_EMPTY_BODY = YES;
				CLANG_WARN_ENUM_CONVERSION = YES;
				CLANG_WARN_INFINITE_RECURSION = YES;
				CLANG_WARN_INT_CONVERSION = YES;
				CLANG_WARN_NON_LITERAL_NULL_CONVERSION = YES;
				CLANG_WARN_OBJC_IMPLICIT_RETAIN_SELF = YES;
				CLANG_WARN_OBJC_LITERAL_CONVERSION = YES;
				CLANG_WARN_OBJC_ROOT_CLASS = YES_ERROR;
				CLANG_WARN_RANGE_LOOP_ANALYSIS = YES;
				CLANG_WARN_STRICT_PROTOTYPES = YES;
				CLANG_WARN_SUSPICIOUS_MOVE = YES;
				CLANG_WARN_UNGUARDED_AVAILABILITY = YES_AGGRESSIVE;
				CLANG_WARN_UNREACHABLE_CODE = YES;
				CLANG_WARN__DUPLICATE_METHOD_MATCH = YES;
				CODE_SIGN_IDENTITY = "iPhone Developer";
				COPY_PHASE_STRIP = NO;
				DEBUG_INFORMATION_FORMAT = dwarf;
				ENABLE_STRICT_OBJC_MSGSEND = YES;
				ENABLE_TESTABILITY = YES;
				GCC_C_LANGUAGE_STANDARD = gnu11;
				GCC_DYNAMIC_NO_PIC = NO;
				GCC_NO_COMMON_BLOCKS = YES;
				GCC_OPTIMIZATION_LEVEL = 0;
				GCC_PREPROCESSOR_DEFINITIONS = (
					"DEBUG=1",
					"$(inherited)",
				);
				GCC_WARN_64_TO_32_BIT_CONVERSION = YES;
				GCC_WARN_ABOUT_RETURN_TYPE = YES_ERROR;
				GCC_WARN_UNDECLARED_SELECTOR = YES;
				GCC_WARN_UNINITIALIZED_AUTOS = YES_AGGRESSIVE;
				GCC_WARN_UNUSED_FUNCTION = YES;
				GCC_WARN_UNUSED_VARIABLE = YES;
				IPHONEOS_DEPLOYMENT_TARGET = 11.0;
				MTL_ENABLE_DEBUG_INFO = YES;
				ONLY_ACTIVE_ARCH = YES;
				SDKROOT = iphoneos;
				SWIFT_ACTIVE_COMPILATION_CONDITIONS = DEBUG;
				SWIFT_OPTIMIZATION_LEVEL = "-Onone";
			};
			name = Debug;
		};
		E6454302205F9B0A0025FB40 /* Release */ = {
			isa = XCBuildConfiguration;
			buildSettings = {
				ALWAYS_SEARCH_USER_PATHS = NO;
				CLANG_ANALYZER_NONNULL = YES;
				CLANG_ANALYZER_NUMBER_OBJECT_CONVERSION = YES_AGGRESSIVE;
				CLANG_CXX_LANGUAGE_STANDARD = "gnu++14";
				CLANG_CXX_LIBRARY = "libc++";
				CLANG_ENABLE_MODULES = YES;
				CLANG_ENABLE_OBJC_ARC = YES;
				CLANG_WARN_BLOCK_CAPTURE_AUTORELEASING = YES;
				CLANG_WARN_BOOL_CONVERSION = YES;
				CLANG_WARN_COMMA = YES;
				CLANG_WARN_CONSTANT_CONVERSION = YES;
				CLANG_WARN_DEPRECATED_OBJC_IMPLEMENTATIONS = YES;
				CLANG_WARN_DIRECT_OBJC_ISA_USAGE = YES_ERROR;
				CLANG_WARN_DOCUMENTATION_COMMENTS = YES;
				CLANG_WARN_EMPTY_BODY = YES;
				CLANG_WARN_ENUM_CONVERSION = YES;
				CLANG_WARN_INFINITE_RECURSION = YES;
				CLANG_WARN_INT_CONVERSION = YES;
				CLANG_WARN_NON_LITERAL_NULL_CONVERSION = YES;
				CLANG_WARN_OBJC_IMPLICIT_RETAIN_SELF = YES;
				CLANG_WARN_OBJC_LITERAL_CONVERSION = YES;
				CLANG_WARN_OBJC_ROOT_CLASS = YES_ERROR;
				CLANG_WARN_RANGE_LOOP_ANALYSIS = YES;
				CLANG_WARN_STRICT_PROTOTYPES = YES;
				CLANG_WARN_SUSPICIOUS_MOVE = YES;
				CLANG_WARN_UNGUARDED_AVAILABILITY = YES_AGGRESSIVE;
				CLANG_WARN_UNREACHABLE_CODE = YES;
				CLANG_WARN__DUPLICATE_METHOD_MATCH = YES;
				CODE_SIGN_IDENTITY = "iPhone Developer";
				COPY_PHASE_STRIP = NO;
				DEBUG_INFORMATION_FORMAT = "dwarf-with-dsym";
				ENABLE_NS_ASSERTIONS = NO;
				ENABLE_STRICT_OBJC_MSGSEND = YES;
				GCC_C_LANGUAGE_STANDARD = gnu11;
				GCC_NO_COMMON_BLOCKS = YES;
				GCC_WARN_64_TO_32_BIT_CONVERSION = YES;
				GCC_WARN_ABOUT_RETURN_TYPE = YES_ERROR;
				GCC_WARN_UNDECLARED_SELECTOR = YES;
				GCC_WARN_UNINITIALIZED_AUTOS = YES_AGGRESSIVE;
				GCC_WARN_UNUSED_FUNCTION = YES;
				GCC_WARN_UNUSED_VARIABLE = YES;
				IPHONEOS_DEPLOYMENT_TARGET = 11.0;
				MTL_ENABLE_DEBUG_INFO = NO;
				SDKROOT = iphoneos;
				SWIFT_OPTIMIZATION_LEVEL = "-Owholemodule";
				VALIDATE_PRODUCT = YES;
			};
			name = Release;
		};
		E6454304205F9B0A0025FB40 /* Debug */ = {
			isa = XCBuildConfiguration;
			baseConfigurationReference = 3DF7536F16B34DEC537ED700 /* Pods-SwiftLearning.debug.xcconfig */;
			buildSettings = {
				ASSETCATALOG_COMPILER_APPICON_NAME = AppIcon;
				ASSETCATALOG_COMPILER_LAUNCHIMAGE_NAME = LaunchImage;
				CLANG_ENABLE_MODULES = YES;
				CODE_SIGN_STYLE = Automatic;
				DEVELOPMENT_TEAM = KR5AULFCNL;
				INFOPLIST_FILE = "$(SRCROOT)/SwiftLearning/Config/Info.plist";
				LD_RUNPATH_SEARCH_PATHS = "$(inherited) @executable_path/Frameworks";
				PRODUCT_BUNDLE_IDENTIFIER = com.claudechoi.swiftLearning.SwiftLearning;
				PRODUCT_NAME = "$(TARGET_NAME)";
				SWIFT_ENABLE_BATCH_MODE = NO;
				SWIFT_OBJC_BRIDGING_HEADER = "SwiftLearning/Config/SwiftLearning-Bridging-Header.h";
				SWIFT_OPTIMIZATION_LEVEL = "-Onone";
				SWIFT_VERSION = 4.0;
				TARGETED_DEVICE_FAMILY = "1,2";
			};
			name = Debug;
		};
		E6454305205F9B0A0025FB40 /* Release */ = {
			isa = XCBuildConfiguration;
			baseConfigurationReference = 969C6AE1D2DC761BB401715D /* Pods-SwiftLearning.release.xcconfig */;
			buildSettings = {
				ASSETCATALOG_COMPILER_APPICON_NAME = AppIcon;
				ASSETCATALOG_COMPILER_LAUNCHIMAGE_NAME = LaunchImage;
				CLANG_ENABLE_MODULES = YES;
				CODE_SIGN_STYLE = Automatic;
				DEVELOPMENT_TEAM = KR5AULFCNL;
				INFOPLIST_FILE = "$(SRCROOT)/SwiftLearning/Config/Info.plist";
				LD_RUNPATH_SEARCH_PATHS = "$(inherited) @executable_path/Frameworks";
				PRODUCT_BUNDLE_IDENTIFIER = com.claudechoi.swiftLearning.SwiftLearning;
				PRODUCT_NAME = "$(TARGET_NAME)";
				SWIFT_ENABLE_BATCH_MODE = NO;
				SWIFT_OBJC_BRIDGING_HEADER = "SwiftLearning/Config/SwiftLearning-Bridging-Header.h";
				SWIFT_VERSION = 4.0;
				TARGETED_DEVICE_FAMILY = "1,2";
			};
			name = Release;
		};
/* End XCBuildConfiguration section */

/* Begin XCConfigurationList section */
		E64542EC205F9B090025FB40 /* Build configuration list for PBXProject "SwiftLearning" */ = {
			isa = XCConfigurationList;
			buildConfigurations = (
				E6454301205F9B0A0025FB40 /* Debug */,
				E6454302205F9B0A0025FB40 /* Release */,
			);
			defaultConfigurationIsVisible = 0;
			defaultConfigurationName = Release;
		};
		E6454303205F9B0A0025FB40 /* Build configuration list for PBXNativeTarget "SwiftLearning" */ = {
			isa = XCConfigurationList;
			buildConfigurations = (
				E6454304205F9B0A0025FB40 /* Debug */,
				E6454305205F9B0A0025FB40 /* Release */,
			);
			defaultConfigurationIsVisible = 0;
			defaultConfigurationName = Release;
		};
/* End XCConfigurationList section */
	};
	rootObject = E64542E9205F9B090025FB40 /* Project object */;
}
